
Microsoft Visual Studio Solution File, Format Version 12.00
# Visual Studio Version 17
VisualStudioVersion = 17.4.33213.308
MinimumVisualStudioVersion = 10.0.40219.1
Project("{9A19103F-16F7-4668-BE54-9A1E7A4F7556}") = "VDC", "VDC.csproj", "{8A3114D7-60D5-4766-86DB-9D1C279C6B68}"
EndProject
Project("{9A19103F-16F7-4668-BE54-9A1E7A4F7556}") = "VDC.Desktop", "..\VDC.Desktop\VDC.Desktop.csproj", "{02DCCD84-FABB-4945-80C0-8EF2C4681376}"
EndProject
Global
	GlobalSection(SolutionConfigurationPlatforms) = preSolution
		Debug|Any CPU = Debug|Any CPU
		Release|Any CPU = Release|Any CPU
	EndGlobalSection
	GlobalSection(ProjectConfigurationPlatforms) = postSolution
		{8A3114D7-60D5-4766-86DB-9D1C279C6B68}.Debug|Any CPU.ActiveCfg = Debug|Any CPU
		{8A3114D7-60D5-4766-86DB-9D1C279C6B68}.Debug|Any CPU.Build.0 = Debug|Any CPU
		{8A3114D7-60D5-4766-86DB-9D1C279C6B68}.Release|Any CPU.ActiveCfg = Release|Any CPU
		{8A3114D7-60D5-4766-86DB-9D1C279C6B68}.Release|Any CPU.Build.0 = Release|Any CPU
		{02DCCD84-FABB-4945-80C0-8EF2C4681376}.Debug|Any CPU.ActiveCfg = Debug|Any CPU
		{02DCCD84-FABB-4945-80C0-8EF2C4681376}.Debug|Any CPU.Build.0 = Debug|Any CPU
		{02DCCD84-FABB-4945-80C0-8EF2C4681376}.Release|Any CPU.ActiveCfg = Release|Any CPU
		{02DCCD84-FABB-4945-80C0-8EF2C4681376}.Release|Any CPU.Build.0 = Release|Any CPU
	EndGlobalSection
	GlobalSection(SolutionProperties) = preSolution
		HideSolutionNode = FALSE
	EndGlobalSection
	GlobalSection(ExtensibilityGlobals) = postSolution
		SolutionGuid = {C0AC5397-F9FC-471A-AE58-9ECCC5173109}
	EndGlobalSection
EndGlobal
